# This file is automatically @generated by Cargo.
# It is not intended for manual editing.
version = 4

[[package]]
name = "m00_setup"
version = "0.1.0"

[[package]]
name = "m01_basics"
version = "0.1.0"

[[package]]
name = "m02_control_flow"
version = "0.1.0"

[[package]]
name = "m03_ownership"
version = "0.1.0"

[[package]]
name = "m04_borrowing"
version = "0.1.0"

[[package]]
name = "m05_structs"
version = "0.1.0"

[[package]]
name = "m06_enums"
version = "0.1.0"

[[package]]
name = "m07_errors"
version = "0.1.0"

[[package]]
name = "m08_collections"
version = "0.1.0"

[[package]]
name = "m09_generics"
version = "0.1.0"

[[package]]
name = "m10_traits"
version = "0.1.0"

[[package]]
name = "m11_iterators"
version = "0.1.0"

[[package]]
name = "m12_lifetimes"
version = "0.1.0"

[[package]]
name = "m13_smart_pointers"
version = "0.1.0"

[[package]]
name = "m14_tooling"
version = "0.1.0"

[[package]]
name = "minidb"
version = "0.1.0"
